
Microsoft Visual Studio Solution File, Format Version 12.00
# Visual Studio Version 17
VisualStudioVersion = 17.5.002.0
MinimumVisualStudioVersion = 10.0.40219.1
Project("{9A19103F-16F7-4668-BE54-9A1E7A4F7556}") = "Todo", "Todo.csproj", "{343CE852-E80E-4B92-ACDE-81C84383443D}"
EndProject
Global
	GlobalSection(SolutionConfigurationPlatforms) = preSolution
		Debug|Any CPU = Debug|Any CPU
		Release|Any CPU = Release|Any CPU
	EndGlobalSection
	GlobalSection(ProjectConfigurationPlatforms) = postSolution
		{343CE852-E80E-4B92-ACDE-81C84383443D}.Debug|Any CPU.ActiveCfg = Debug|Any CPU
		{343CE852-E80E-4B92-ACDE-81C84383443D}.Debug|Any CPU.Build.0 = Debug|Any CPU
		{343CE852-E80E-4B92-ACDE-81C84383443D}.Release|Any CPU.ActiveCfg = Release|Any CPU
		{343CE852-E80E-4B92-ACDE-81C84383443D}.Release|Any CPU.Build.0 = Release|Any CPU
	EndGlobalSection
	GlobalSection(SolutionProperties) = preSolution
		HideSolutionNode = FALSE
	EndGlobalSection
	GlobalSection(ExtensibilityGlobals) = postSolution
		SolutionGuid = {5D8D669A-7224-4413-B132-5D1A605D2619}
	EndGlobalSection
EndGlobal
